#MicroXplorer Configuration settings - do not modify
ADC1.Channel-3\#ChannelRegularConversion=ADC_CHANNEL_10
ADC1.ClockPrescaler=ADC_CLOCK_SYNC_PCLK_DIV8
ADC1.ContinuousConvMode=DISABLE
ADC1.IPParameters=Rank-3\#ChannelRegularConversion,master,Channel-3\#ChannelRegularConversion,SamplingTime-3\#ChannelRegularConversion,NbrOfConversionFlag,ScanConvMode,ContinuousConvMode,ClockPrescaler
ADC1.NbrOfConversionFlag=1
ADC1.Rank-3\#ChannelRegularConversion=1
ADC1.SamplingTime-3\#ChannelRegularConversion=ADC_SAMPLETIME_56CYCLES
ADC1.ScanConvMode=DISABLE
ADC1.master=1
ADC2.Channel-3\#ChannelRegularConversion=ADC_CHANNEL_11
ADC2.ClockPrescaler=ADC_CLOCK_SYNC_PCLK_DIV8
ADC2.IPParameters=Rank-3\#ChannelRegularConversion,ClockPrescaler,Channel-3\#ChannelRegularConversion,SamplingTime-3\#ChannelRegularConversion,NbrOfConversionFlag
ADC2.NbrOfConversionFlag=1
ADC2.Rank-3\#ChannelRegularConversion=1
ADC2.SamplingTime-3\#ChannelRegularConversion=ADC_SAMPLETIME_3CYCLES
Dma.Request0=USART6_RX
Dma.Request1=SPI1_TX
Dma.Request2=USART2_RX
Dma.RequestsNb=3
Dma.SPI1_TX.1.Direction=DMA_MEMORY_TO_PERIPH
Dma.SPI1_TX.1.FIFOMode=DMA_FIFOMODE_DISABLE
Dma.SPI1_TX.1.Instance=DMA2_Stream3
Dma.SPI1_TX.1.MemDataAlignment=DMA_MDATAALIGN_BYTE
Dma.SPI1_TX.1.MemInc=DMA_MINC_ENABLE
Dma.SPI1_TX.1.Mode=DMA_NORMAL
Dma.SPI1_TX.1.PeriphDataAlignment=DMA_PDATAALIGN_BYTE
Dma.SPI1_TX.1.PeriphInc=DMA_PINC_DISABLE
Dma.SPI1_TX.1.Priority=DMA_PRIORITY_LOW
Dma.SPI1_TX.1.RequestParameters=Instance,Direction,PeriphInc,MemInc,PeriphDataAlignment,MemDataAlignment,Mode,Priority,FIFOMode
Dma.USART2_RX.2.Direction=DMA_PERIPH_TO_MEMORY
Dma.USART2_RX.2.FIFOMode=DMA_FIFOMODE_DISABLE
Dma.USART2_RX.2.Instance=DMA1_Stream5
Dma.USART2_RX.2.MemDataAlignment=DMA_MDATAALIGN_BYTE
Dma.USART2_RX.2.MemInc=DMA_MINC_ENABLE
Dma.USART2_RX.2.Mode=DMA_NORMAL
Dma.USART2_RX.2.PeriphDataAlignment=DMA_PDATAALIGN_BYTE
Dma.USART2_RX.2.PeriphInc=DMA_PINC_DISABLE
Dma.USART2_RX.2.Priority=DMA_PRIORITY_LOW
Dma.USART2_RX.2.RequestParameters=Instance,Direction,PeriphInc,MemInc,PeriphDataAlignment,MemDataAlignment,Mode,Priority,FIFOMode
Dma.USART6_RX.0.Direction=DMA_PERIPH_TO_MEMORY
Dma.USART6_RX.0.FIFOMode=DMA_FIFOMODE_DISABLE
Dma.USART6_RX.0.Instance=DMA2_Stream1
Dma.USART6_RX.0.MemDataAlignment=DMA_MDATAALIGN_BYTE
Dma.USART6_RX.0.MemInc=DMA_MINC_ENABLE
Dma.USART6_RX.0.Mode=DMA_NORMAL
Dma.USART6_RX.0.PeriphDataAlignment=DMA_PDATAALIGN_BYTE
Dma.USART6_RX.0.PeriphInc=DMA_PINC_DISABLE
Dma.USART6_RX.0.Priority=DMA_PRIORITY_LOW
Dma.USART6_RX.0.RequestParameters=Instance,Direction,PeriphInc,MemInc,PeriphDataAlignment,MemDataAlignment,Mode,Priority,FIFOMode
FREERTOS.BinarySemaphores01=xKey01,Dynamic,NULL;xKey02,Dynamic,NULL;xKey03,Dynamic,NULL;xKey04,Dynamic,NULL;xKey05,Dynamic,NULL;xKey06,Dynamic,NULL;xKey07,Dynamic,NULL;xKey08,Dynamic,NULL;xKey09,Dynamic,NULL;xKey10,Dynamic,NULL;xKey11,Dynamic,NULL;xKey12,Dynamic,NULL;xKey13,Dynamic,NULL;xKey14,Dynamic,NULL;xKey15,Dynamic,NULL;xKey16,Dynamic,NULL
FREERTOS.FootprintOK=true
FREERTOS.IPParameters=Tasks01,configTOTAL_HEAP_SIZE,FootprintOK,Queues01,BinarySemaphores01,Mutexes01
FREERTOS.Mutexes01=I2C_1,Dynamic,NULL
FREERTOS.Queues01=oled_msg,4,float,0,Dynamic,NULL,NULL;degree,5,int,0,Dynamic,NULL,NULL;oled_d,5,int,0,Dynamic,NULL,NULL
FREERTOS.Tasks01=defaultTask,24,128,StartDefaultTask,Default,NULL,Dynamic,NULL,NULL;LED,24,256,LEDTask,Default,NULL,Dynamic,NULL,NULL;WheelDrive,24,256,WheelDriveTask,Default,NULL,Dynamic,NULL,NULL;ADC,24,128,ADCtask,Default,NULL,Dynamic,NULL,NULL;OLED,8,512,OLEDdriveTask,Default,NULL,Dynamic,NULL,NULL;UART,8,256,UARTTask,Default,NULL,Dynamic,NULL,NULL;keyScan,8,128,keyScanTask,Default,NULL,Dynamic,NULL,NULL;servo,8,256,servoTask,Default,NULL,Dynamic,NULL,NULL
FREERTOS.configTOTAL_HEAP_SIZE=65536
File.Version=6
GPIO.groupedBy=Group By Peripherals
I2C1.ClockSpeed=400000
I2C1.I2C_Mode=I2C_Fast
I2C1.IPParameters=I2C_Mode,ClockSpeed
I2C3.I2C_Mode=I2C_Fast
I2C3.IPParameters=I2C_Mode
IWDG.IPParameters=Prescaler,Reload
IWDG.Prescaler=IWDG_PRESCALER_32
IWDG.Reload=2000-1
KeepUserPlacement=false
Mcu.CPN=STM32F407ZGT6
Mcu.Family=STM32F4
Mcu.IP0=ADC1
Mcu.IP1=ADC2
Mcu.IP10=SYS
Mcu.IP11=TIM2
Mcu.IP12=TIM3
Mcu.IP13=TIM5
Mcu.IP14=TIM8
Mcu.IP15=USART1
Mcu.IP16=USART2
Mcu.IP17=USART3
Mcu.IP18=USART6
Mcu.IP2=DMA
Mcu.IP3=FREERTOS
Mcu.IP4=I2C1
Mcu.IP5=I2C3
Mcu.IP6=IWDG
Mcu.IP7=NVIC
Mcu.IP8=RCC
Mcu.IP9=SPI1
Mcu.IPNb=19
Mcu.Name=STM32F407Z(E-G)Tx
Mcu.Package=LQFP144
Mcu.Pin0=PE2
Mcu.Pin1=PC14-OSC32_IN
Mcu.Pin10=PC1
Mcu.Pin11=PC2
Mcu.Pin12=PA0-WKUP
Mcu.Pin13=PA1
Mcu.Pin14=PA2
Mcu.Pin15=PA3
Mcu.Pin16=PA4
Mcu.Pin17=PA5
Mcu.Pin18=PA6
Mcu.Pin19=PA7
Mcu.Pin2=PC15-OSC32_OUT
Mcu.Pin20=PB0
Mcu.Pin21=PB1
Mcu.Pin22=PE12
Mcu.Pin23=PE13
Mcu.Pin24=PE14
Mcu.Pin25=PE15
Mcu.Pin26=PB10
Mcu.Pin27=PB11
Mcu.Pin28=PB12
Mcu.Pin29=PB13
Mcu.Pin3=PF0
Mcu.Pin30=PB14
Mcu.Pin31=PB15
Mcu.Pin32=PD8
Mcu.Pin33=PD9
Mcu.Pin34=PD15
Mcu.Pin35=PG2
Mcu.Pin36=PG3
Mcu.Pin37=PG4
Mcu.Pin38=PG5
Mcu.Pin39=PG6
Mcu.Pin4=PF1
Mcu.Pin40=PG7
Mcu.Pin41=PG8
Mcu.Pin42=PC6
Mcu.Pin43=PC7
Mcu.Pin44=PC9
Mcu.Pin45=PA8
Mcu.Pin46=PA9
Mcu.Pin47=PA10
Mcu.Pin48=PA13
Mcu.Pin49=PA14
Mcu.Pin5=PF2
Mcu.Pin50=PA15
Mcu.Pin51=PD1
Mcu.Pin52=PD2
Mcu.Pin53=PD3
Mcu.Pin54=PD4
Mcu.Pin55=PD5
Mcu.Pin56=PD6
Mcu.Pin57=PG9
Mcu.Pin58=PG13
Mcu.Pin59=PG14
Mcu.Pin6=PF10
Mcu.Pin60=PB3
Mcu.Pin61=PB4
Mcu.Pin62=PB5
Mcu.Pin63=PB6
Mcu.Pin64=PB8
Mcu.Pin65=PB9
Mcu.Pin66=PE0
Mcu.Pin67=VP_FREERTOS_VS_CMSIS_V2
Mcu.Pin68=VP_IWDG_VS_IWDG
Mcu.Pin69=VP_SYS_VS_tim10
Mcu.Pin7=PH0-OSC_IN
Mcu.Pin70=VP_TIM2_VS_ClockSourceINT
Mcu.Pin71=VP_TIM5_VS_ClockSourceINT
Mcu.Pin72=VP_TIM8_VS_ClockSourceINT
Mcu.Pin8=PH1-OSC_OUT
Mcu.Pin9=PC0
Mcu.PinsNb=73
Mcu.ThirdPartyNb=0
Mcu.UserConstants=
Mcu.UserName=STM32F407ZGTx
MxCube.Version=6.6.1
MxDb.Version=DB.6.0.60
NVIC.BusFault_IRQn=true\:0\:0\:false\:false\:true\:false\:false\:false\:false
NVIC.DMA1_Stream5_IRQn=true\:5\:0\:false\:false\:true\:true\:false\:true\:true
NVIC.DMA2_Stream1_IRQn=true\:5\:0\:false\:false\:true\:true\:false\:true\:true
NVIC.DMA2_Stream3_IRQn=true\:5\:0\:false\:false\:true\:true\:false\:true\:true
NVIC.DebugMonitor_IRQn=true\:0\:0\:false\:false\:true\:false\:false\:false\:false
NVIC.EXTI2_IRQn=true\:5\:0\:false\:false\:true\:true\:true\:true\:true
NVIC.ForceEnableDMAVector=true
NVIC.HardFault_IRQn=true\:0\:0\:false\:false\:true\:false\:false\:false\:false
NVIC.MemoryManagement_IRQn=true\:0\:0\:false\:false\:true\:false\:false\:false\:false
NVIC.NonMaskableInt_IRQn=true\:0\:0\:false\:false\:true\:false\:false\:false\:false
NVIC.PendSV_IRQn=true\:15\:0\:false\:false\:false\:true\:false\:false\:false
NVIC.PriorityGroup=NVIC_PRIORITYGROUP_4
NVIC.SVCall_IRQn=true\:0\:0\:false\:false\:false\:false\:false\:false\:false
NVIC.SavedPendsvIrqHandlerGenerated=true
NVIC.SavedSvcallIrqHandlerGenerated=true
NVIC.SavedSystickIrqHandlerGenerated=true
NVIC.SysTick_IRQn=true\:15\:0\:false\:false\:false\:true\:false\:true\:false
NVIC.TIM1_UP_TIM10_IRQn=true\:15\:0\:false\:false\:true\:false\:false\:true\:true
NVIC.TIM2_IRQn=true\:5\:0\:false\:false\:true\:true\:true\:true\:true
NVIC.TIM8_UP_TIM13_IRQn=true\:5\:0\:false\:false\:true\:true\:true\:true\:true
NVIC.TimeBase=TIM1_UP_TIM10_IRQn
NVIC.TimeBaseIP=TIM10
NVIC.USART1_IRQn=true\:5\:0\:false\:false\:true\:false\:true\:true\:true
NVIC.USART2_IRQn=true\:5\:0\:false\:false\:true\:true\:true\:true\:true
NVIC.USART3_IRQn=true\:5\:0\:false\:false\:true\:true\:true\:true\:true
NVIC.USART6_IRQn=true\:5\:0\:false\:false\:true\:true\:true\:true\:true
NVIC.UsageFault_IRQn=true\:0\:0\:false\:false\:true\:false\:false\:false\:false
PA0-WKUP.GPIOParameters=GPIO_Speed,GPIO_PuPd
PA0-WKUP.GPIO_PuPd=GPIO_PULLDOWN
PA0-WKUP.GPIO_Speed=GPIO_SPEED_FREQ_VERY_HIGH
PA0-WKUP.Signal=S_TIM5_CH1
PA1.GPIOParameters=GPIO_Speed,GPIO_PuPd
PA1.GPIO_PuPd=GPIO_PULLDOWN
PA1.GPIO_Speed=GPIO_SPEED_FREQ_VERY_HIGH
PA1.Signal=S_TIM5_CH2
PA10.GPIOParameters=GPIO_PuPd
PA10.GPIO_PuPd=GPIO_NOPULL
PA10.Mode=Asynchronous
PA10.Signal=USART1_RX
PA13.Mode=Serial_Wire
PA13.Signal=SYS_JTMS-SWDIO
PA14.Mode=Serial_Wire
PA14.Signal=SYS_JTCK-SWCLK
PA15.GPIOParameters=GPIO_Speed,GPIO_PuPd
PA15.GPIO_PuPd=GPIO_NOPULL
PA15.GPIO_Speed=GPIO_SPEED_FREQ_VERY_HIGH
PA15.Signal=S_TIM2_CH1_ETR
PA2.GPIOParameters=GPIO_Speed,GPIO_PuPd
PA2.GPIO_PuPd=GPIO_PULLDOWN
PA2.GPIO_Speed=GPIO_SPEED_FREQ_VERY_HIGH
PA2.Signal=S_TIM5_CH3
PA3.GPIOParameters=GPIO_Speed,GPIO_PuPd
PA3.GPIO_PuPd=GPIO_PULLDOWN
PA3.GPIO_Speed=GPIO_SPEED_FREQ_VERY_HIGH
PA3.Signal=S_TIM5_CH4
PA4.GPIOParameters=GPIO_Speed,GPIO_PuPd,GPIO_Label,GPIO_ModeDefaultOutputPP
PA4.GPIO_Label=ST7735_DC
PA4.GPIO_ModeDefaultOutputPP=GPIO_MODE_OUTPUT_PP
PA4.GPIO_PuPd=GPIO_PULLUP
PA4.GPIO_Speed=GPIO_SPEED_FREQ_HIGH
PA4.Locked=true
PA4.Signal=GPIO_Output
PA5.GPIOParameters=GPIO_PuPd
PA5.GPIO_PuPd=GPIO_PULLUP
PA5.Mode=Full_Duplex_Master
PA5.Signal=SPI1_SCK
PA6.GPIOParameters=GPIO_PuPd
PA6.GPIO_PuPd=GPIO_PULLUP
PA6.Mode=Full_Duplex_Master
PA6.Signal=SPI1_MISO
PA7.GPIOParameters=GPIO_PuPd
PA7.GPIO_PuPd=GPIO_PULLUP
PA7.Mode=Full_Duplex_Master
PA7.Signal=SPI1_MOSI
PA8.GPIOParameters=GPIO_Pu
PA8.GPIO_Pu=GPIO_PULLUP
PA8.Mode=I2C
PA8.Signal=I2C3_SCL
PA9.GPIOParameters=GPIO_PuPd
PA9.GPIO_PuPd=GPIO_NOPULL
PA9.Mode=Asynchronous
PA9.Signal=USART1_TX
PB0.GPIOParameters=GPIO_Speed,GPIO_PuPd
PB0.GPIO_PuPd=GPIO_PULLDOWN
PB0.GPIO_Speed=GPIO_SPEED_FREQ_VERY_HIGH
PB0.Signal=S_TIM3_CH3
PB1.GPIOParameters=GPIO_Speed,GPIO_PuPd
PB1.GPIO_PuPd=GPIO_PULLDOWN
PB1.GPIO_Speed=GPIO_SPEED_FREQ_VERY_HIGH
PB1.Signal=S_TIM3_CH4
PB10.GPIOParameters=GPIO_Speed,GPIO_PuPd
PB10.GPIO_PuPd=GPIO_NOPULL
PB10.GPIO_Speed=GPIO_SPEED_FREQ_VERY_HIGH
PB10.Signal=S_TIM2_CH3
PB11.GPIOParameters=GPIO_Speed,GPIO_PuPd
PB11.GPIO_PuPd=GPIO_NOPULL
PB11.GPIO_Speed=GPIO_SPEED_FREQ_VERY_HIGH
PB11.Signal=S_TIM2_CH4
PB12.GPIOParameters=GPIO_Speed,PinState,GPIO_PuPd,GPIO_ModeDefaultOutputPP
PB12.GPIO_ModeDefaultOutputPP=GPIO_MODE_OUTPUT_PP
PB12.GPIO_PuPd=GPIO_PULLDOWN
PB12.GPIO_Speed=GPIO_SPEED_FREQ_VERY_HIGH
PB12.Locked=true
PB12.PinState=GPIO_PIN_RESET
PB12.Signal=GPIO_Output
PB13.GPIOParameters=GPIO_Speed,PinState,GPIO_PuPd,GPIO_ModeDefaultOutputPP
PB13.GPIO_ModeDefaultOutputPP=GPIO_MODE_OUTPUT_PP
PB13.GPIO_PuPd=GPIO_PULLDOWN
PB13.GPIO_Speed=GPIO_SPEED_FREQ_VERY_HIGH
PB13.Locked=true
PB13.PinState=GPIO_PIN_RESET
PB13.Signal=GPIO_Output
PB14.GPIOParameters=GPIO_Speed,PinState,GPIO_PuPd,GPIO_ModeDefaultOutputPP
PB14.GPIO_ModeDefaultOutputPP=GPIO_MODE_OUTPUT_PP
PB14.GPIO_PuPd=GPIO_PULLDOWN
PB14.GPIO_Speed=GPIO_SPEED_FREQ_VERY_HIGH
PB14.Locked=true
PB14.PinState=GPIO_PIN_RESET
PB14.Signal=GPIO_Output
PB15.GPIOParameters=GPIO_Speed,PinState,GPIO_PuPd,GPIO_ModeDefaultOutputPP
PB15.GPIO_ModeDefaultOutputPP=GPIO_MODE_OUTPUT_PP
PB15.GPIO_PuPd=GPIO_PULLDOWN
PB15.GPIO_Speed=GPIO_SPEED_FREQ_VERY_HIGH
PB15.Locked=true
PB15.PinState=GPIO_PIN_RESET
PB15.Signal=GPIO_Output
PB3.GPIOParameters=GPIO_Speed,GPIO_PuPd
PB3.GPIO_PuPd=GPIO_NOPULL
PB3.GPIO_Speed=GPIO_SPEED_FREQ_VERY_HIGH
PB3.Signal=S_TIM2_CH2
PB4.GPIOParameters=GPIO_Speed,GPIO_PuPd
PB4.GPIO_PuPd=GPIO_PULLDOWN
PB4.GPIO_Speed=GPIO_SPEED_FREQ_VERY_HIGH
PB4.Signal=S_TIM3_CH1
PB5.GPIOParameters=GPIO_Speed,GPIO_PuPd
PB5.GPIO_PuPd=GPIO_PULLDOWN
PB5.GPIO_Speed=GPIO_SPEED_FREQ_VERY_HIGH
PB5.Signal=S_TIM3_CH2
PB6.GPIOParameters=GPIO_Speed,GPIO_PuPd,GPIO_Label,GPIO_ModeDefaultOutputPP
PB6.GPIO_Label=ST7735_RES
PB6.GPIO_ModeDefaultOutputPP=GPIO_MODE_OUTPUT_PP
PB6.GPIO_PuPd=GPIO_PULLUP
PB6.GPIO_Speed=GPIO_SPEED_FREQ_HIGH
PB6.Locked=true
PB6.Signal=GPIO_Output
PB8.GPIOParameters=GPIO_Pu
PB8.GPIO_Pu=GPIO_PULLUP
PB8.Locked=true
PB8.Mode=I2C
PB8.Signal=I2C1_SCL
PB9.GPIOParameters=GPIO_Pu
PB9.GPIO_Pu=GPIO_PULLUP
PB9.Locked=true
PB9.Mode=I2C
PB9.Signal=I2C1_SDA
PC0.Signal=ADCx_IN10
PC1.Signal=ADCx_IN11
PC14-OSC32_IN.Mode=LSE-External-Oscillator
PC14-OSC32_IN.Signal=RCC_OSC32_IN
PC15-OSC32_OUT.Mode=LSE-External-Oscillator
PC15-OSC32_OUT.Signal=RCC_OSC32_OUT
PC2.GPIOParameters=GPIO_Speed,GPIO_PuPd,GPIO_Label,GPIO_ModeDefaultOutputPP
PC2.GPIO_Label=ST7735_CS
PC2.GPIO_ModeDefaultOutputPP=GPIO_MODE_OUTPUT_PP
PC2.GPIO_PuPd=GPIO_PULLUP
PC2.GPIO_Speed=GPIO_SPEED_FREQ_HIGH
PC2.Locked=true
PC2.Signal=GPIO_Output
PC6.GPIOParameters=GPIO_Speed,GPIO_PuPd
PC6.GPIO_PuPd=GPIO_PULLDOWN
PC6.GPIO_Speed=GPIO_SPEED_FREQ_VERY_HIGH
PC6.Signal=S_TIM8_CH1
PC7.GPIOParameters=GPIO_Speed,GPIO_PuPd
PC7.GPIO_PuPd=GPIO_PULLDOWN
PC7.GPIO_Speed=GPIO_SPEED_FREQ_VERY_HIGH
PC7.Signal=S_TIM8_CH2
PC9.GPIOParameters=GPIO_Pu
PC9.GPIO_Pu=GPIO_PULLUP
PC9.Mode=I2C
PC9.Signal=I2C3_SDA
PD1.GPIOParameters=GPIO_PuPd
PD1.GPIO_PuPd=GPIO_PULLDOWN
PD1.Locked=true
PD1.Signal=GPIO_Output
PD15.GPIOParameters=GPIO_PuPd
PD15.GPIO_PuPd=GPIO_PULLDOWN
PD15.Locked=true
PD15.Signal=GPIO_Output
PD2.GPIOParameters=GPIO_PuPd
PD2.GPIO_PuPd=GPIO_PULLDOWN
PD2.Locked=true
PD2.Signal=GPIO_Output
PD3.GPIOParameters=GPIO_PuPd
PD3.GPIO_PuPd=GPIO_PULLDOWN
PD3.Locked=true
PD3.Signal=GPIO_Output
PD4.GPIOParameters=GPIO_PuPd
PD4.GPIO_PuPd=GPIO_PULLDOWN
PD4.Locked=true
PD4.Signal=GPIO_Output
PD5.GPIOParameters=GPIO_PuPd
PD5.GPIO_PuPd=GPIO_NOPULL
PD5.Mode=Asynchronous
PD5.Signal=USART2_TX
PD6.GPIOParameters=GPIO_PuPd
PD6.GPIO_PuPd=GPIO_NOPULL
PD6.Mode=Asynchronous
PD6.Signal=USART2_RX
PD8.GPIOParameters=GPIO_PuPd
PD8.GPIO_PuPd=GPIO_NOPULL
PD8.Mode=Asynchronous
PD8.Signal=USART3_TX
PD9.GPIOParameters=GPIO_PuPd
PD9.GPIO_PuPd=GPIO_NOPULL
PD9.Mode=Asynchronous
PD9.Signal=USART3_RX
PE0.GPIOParameters=PinState,GPIO_PuPd,GPIO_ModeDefaultOutputPP
PE0.GPIO_ModeDefaultOutputPP=GPIO_MODE_OUTPUT_OD
PE0.GPIO_PuPd=GPIO_NOPULL
PE0.Locked=true
PE0.PinState=GPIO_PIN_SET
PE0.Signal=GPIO_Output
PE12.GPIOParameters=GPIO_PuPd,GPIO_Mode
PE12.GPIO_Mode=GPIO_MODE_INPUT
PE12.GPIO_PuPd=GPIO_PULLDOWN
PE12.Locked=true
PE12.Signal=GPIO_Input
PE13.GPIOParameters=GPIO_PuPd,GPIO_Mode
PE13.GPIO_Mode=GPIO_MODE_INPUT
PE13.GPIO_PuPd=GPIO_PULLDOWN
PE13.Locked=true
PE13.Signal=GPIO_Input
PE14.GPIOParameters=GPIO_PuPd,GPIO_Mode
PE14.GPIO_Mode=GPIO_MODE_INPUT
PE14.GPIO_PuPd=GPIO_PULLDOWN
PE14.Locked=true
PE14.Signal=GPIO_Input
PE15.GPIOParameters=GPIO_PuPd,GPIO_Mode
PE15.GPIO_Mode=GPIO_MODE_INPUT
PE15.GPIO_PuPd=GPIO_PULLDOWN
PE15.Locked=true
PE15.Signal=GPIO_Input
PE2.GPIOParameters=PinState,GPIO_PuPd,GPIO_ModeDefaultOutputPP
PE2.GPIO_ModeDefaultOutputPP=GPIO_MODE_OUTPUT_PP
PE2.GPIO_PuPd=GPIO_PULLUP
PE2.Locked=true
PE2.PinState=GPIO_PIN_SET
PE2.Signal=GPIO_Output
PF0.GPIOParameters=GPIO_Speed,PinState,GPIO_PuPd,GPIO_ModeDefaultOutputPP
PF0.GPIO_ModeDefaultOutputPP=GPIO_MODE_OUTPUT_OD
PF0.GPIO_PuPd=GPIO_PULLUP
PF0.GPIO_Speed=GPIO_SPEED_FREQ_VERY_HIGH
PF0.Locked=true
PF0.PinState=GPIO_PIN_SET
PF0.Signal=GPIO_Output
PF1.GPIOParameters=GPIO_Speed,PinState,GPIO_PuPd,GPIO_ModeDefaultOutputPP
PF1.GPIO_ModeDefaultOutputPP=GPIO_MODE_OUTPUT_OD
PF1.GPIO_PuPd=GPIO_PULLUP
PF1.GPIO_Speed=GPIO_SPEED_FREQ_VERY_HIGH
PF1.Locked=true
PF1.PinState=GPIO_PIN_SET
PF1.Signal=GPIO_Output
PF10.GPIOParameters=GPIO_Speed,GPIO_PuPd,GPIO_Label,GPIO_ModeDefaultOutputPP
PF10.GPIO_Label=ST7735_BL
PF10.GPIO_ModeDefaultOutputPP=GPIO_MODE_OUTPUT_PP
PF10.GPIO_PuPd=GPIO_PULLUP
PF10.GPIO_Speed=GPIO_SPEED_FREQ_HIGH
PF10.Locked=true
PF10.Signal=GPIO_Output
PF2.GPIOParameters=GPIO_PuPd,GPIO_ModeDefaultEXTI
PF2.GPIO_ModeDefaultEXTI=GPIO_MODE_IT_RISING
PF2.GPIO_PuPd=GPIO_PULLDOWN
PF2.Locked=true
PF2.Signal=GPXTI2
PG13.GPIOParameters=GPIO_PuPd
PG13.GPIO_PuPd=GPIO_PULLDOWN
PG13.Locked=true
PG13.Signal=GPIO_Output
PG14.GPIOParameters=GPIO_PuPd
PG14.GPIO_PuPd=GPIO_NOPULL
PG14.Mode=Asynchronous
PG14.Signal=USART6_TX
PG2.GPIOParameters=GPIO_PuPd
PG2.GPIO_PuPd=GPIO_PULLDOWN
PG2.Locked=true
PG2.Signal=GPIO_Output
PG3.GPIOParameters=GPIO_PuPd
PG3.GPIO_PuPd=GPIO_PULLDOWN
PG3.Locked=true
PG3.Signal=GPIO_Output
PG4.GPIOParameters=GPIO_PuPd
PG4.GPIO_PuPd=GPIO_PULLDOWN
PG4.Locked=true
PG4.Signal=GPIO_Output
PG5.GPIOParameters=GPIO_PuPd
PG5.GPIO_PuPd=GPIO_NOPULL
PG5.Locked=true
PG5.Signal=GPIO_Input
PG6.GPIOParameters=GPIO_PuPd
PG6.GPIO_PuPd=GPIO_NOPULL
PG6.Locked=true
PG6.Signal=GPIO_Input
PG7.GPIOParameters=GPIO_PuPd
PG7.GPIO_PuPd=GPIO_NOPULL
PG7.Locked=true
PG7.Signal=GPIO_Input
PG8.GPIOParameters=GPIO_PuPd
PG8.GPIO_PuPd=GPIO_NOPULL
PG8.Locked=true
PG8.Signal=GPIO_Input
PG9.GPIOParameters=GPIO_PuPd
PG9.GPIO_PuPd=GPIO_NOPULL
PG9.Mode=Asynchronous
PG9.Signal=USART6_RX
PH0-OSC_IN.Mode=HSE-External-Oscillator
PH0-OSC_IN.Signal=RCC_OSC_IN
PH1-OSC_OUT.Mode=HSE-External-Oscillator
PH1-OSC_OUT.Signal=RCC_OSC_OUT
PinOutPanel.RotationAngle=0
ProjectManager.AskForMigrate=true
ProjectManager.BackupPrevious=false
ProjectManager.CompilerOptimize=6
ProjectManager.ComputerToolchain=false
ProjectManager.CoupleFile=true
ProjectManager.CustomerFirmwarePackage=
ProjectManager.DefaultFWLocation=true
ProjectManager.DeletePrevious=true
ProjectManager.DeviceId=STM32F407ZGTx
ProjectManager.FirmwarePackage=STM32Cube FW_F4 V1.27.1
ProjectManager.FreePins=false
ProjectManager.HalAssertFull=false
ProjectManager.HeapSize=0x200
ProjectManager.KeepUserCode=true
ProjectManager.LastFirmware=true
ProjectManager.LibraryCopy=0
ProjectManager.MainLocation=Core/Src
ProjectManager.NoMain=false
ProjectManager.PreviousToolchain=
ProjectManager.ProjectBuild=false
ProjectManager.ProjectFileName=STM32F407ZGT6-TEMP.ioc
ProjectManager.ProjectName=STM32F407ZGT6-TEMP
ProjectManager.RegisterCallBack=
ProjectManager.StackSize=0x400
ProjectManager.TargetToolchain=MDK-ARM V5.32
ProjectManager.ToolChainLocation=
ProjectManager.UnderRoot=false
ProjectManager.functionlistsort=1-SystemClock_Config-RCC-false-HAL-false,2-MX_GPIO_Init-GPIO-false-HAL-true,3-MX_DMA_Init-DMA-false-HAL-true,4-MX_TIM2_Init-TIM2-false-HAL-true,5-MX_TIM5_Init-TIM5-false-HAL-true,6-MX_ADC1_Init-ADC1-false-HAL-true,7-MX_I2C1_Init-I2C1-false-HAL-true,8-MX_I2C3_Init-I2C3-false-HAL-true,9-MX_SPI1_Init-SPI1-false-HAL-true,10-MX_TIM3_Init-TIM3-false-HAL-true,11-MX_USART1_UART_Init-USART1-false-HAL-true,12-MX_USART2_UART_Init-USART2-false-HAL-true,13-MX_USART3_UART_Init-USART3-false-HAL-true,14-MX_USART6_UART_Init-USART6-false-HAL-true,15-MX_TIM8_Init-TIM8-false-HAL-true,16-MX_ADC2_Init-ADC2-false-HAL-true,17-MX_IWDG_Init-IWDG-false-HAL-true
RCC.48MHZClocksFreq_Value=48000000
RCC.AHBFreq_Value=168000000
RCC.APB1CLKDivider=RCC_HCLK_DIV4
RCC.APB1Freq_Value=42000000
RCC.APB1TimFreq_Value=84000000
RCC.APB2CLKDivider=RCC_HCLK_DIV2
RCC.APB2Freq_Value=84000000
RCC.APB2TimFreq_Value=168000000
RCC.CortexFreq_Value=168000000
RCC.EthernetFreq_Value=168000000
RCC.FCLKCortexFreq_Value=168000000
RCC.FamilyName=M
RCC.HCLKFreq_Value=168000000
RCC.HSE_VALUE=8000000
RCC.HSI_VALUE=16000000
RCC.I2SClocksFreq_Value=192000000
RCC.IPParameters=48MHZClocksFreq_Value,AHBFreq_Value,APB1CLKDivider,APB1Freq_Value,APB1TimFreq_Value,APB2CLKDivider,APB2Freq_Value,APB2TimFreq_Value,CortexFreq_Value,EthernetFreq_Value,FCLKCortexFreq_Value,FamilyName,HCLKFreq_Value,HSE_VALUE,HSI_VALUE,I2SClocksFreq_Value,LSI_VALUE,MCO2PinFreq_Value,PLLCLKFreq_Value,PLLM,PLLN,PLLQ,PLLQCLKFreq_Value,PLLSourceVirtual,RTCFreq_Value,RTCHSEDivFreq_Value,SYSCLKFreq_VALUE,SYSCLKSource,VCOI2SOutputFreq_Value,VCOInputFreq_Value,VCOOutputFreq_Value,VcooutputI2S
RCC.LSI_VALUE=32000
RCC.MCO2PinFreq_Value=168000000
RCC.PLLCLKFreq_Value=168000000
RCC.PLLM=4
RCC.PLLN=168
RCC.PLLQ=7
RCC.PLLQCLKFreq_Value=48000000
RCC.PLLSourceVirtual=RCC_PLLSOURCE_HSE
RCC.RTCFreq_Value=32000
RCC.RTCHSEDivFreq_Value=4000000
RCC.SYSCLKFreq_VALUE=168000000
RCC.SYSCLKSource=RCC_SYSCLKSOURCE_PLLCLK
RCC.VCOI2SOutputFreq_Value=384000000
RCC.VCOInputFreq_Value=2000000
RCC.VCOOutputFreq_Value=336000000
RCC.VcooutputI2S=192000000
SH.ADCx_IN10.0=ADC1_IN10,IN10
SH.ADCx_IN10.ConfNb=1
SH.ADCx_IN11.0=ADC2_IN11,IN11
SH.ADCx_IN11.ConfNb=1
SH.GPXTI2.0=GPIO_EXTI2
SH.GPXTI2.ConfNb=1
SH.S_TIM2_CH1_ETR.0=TIM2_CH1,Input_Capture1_from_TI1
SH.S_TIM2_CH1_ETR.ConfNb=1
SH.S_TIM2_CH2.0=TIM2_CH2,Input_Capture2_from_TI2
SH.S_TIM2_CH2.ConfNb=1
SH.S_TIM2_CH3.0=TIM2_CH3,Input_Capture3_from_TI3
SH.S_TIM2_CH3.ConfNb=1
SH.S_TIM2_CH4.0=TIM2_CH4,Input_Capture4_from_TI4
SH.S_TIM2_CH4.ConfNb=1
SH.S_TIM3_CH1.0=TIM3_CH1,PWM Generation1 CH1
SH.S_TIM3_CH1.ConfNb=1
SH.S_TIM3_CH2.0=TIM3_CH2,PWM Generation2 CH2
SH.S_TIM3_CH2.ConfNb=1
SH.S_TIM3_CH3.0=TIM3_CH3,PWM Generation3 CH3
SH.S_TIM3_CH3.ConfNb=1
SH.S_TIM3_CH4.0=TIM3_CH4,PWM Generation4 CH4
SH.S_TIM3_CH4.ConfNb=1
SH.S_TIM5_CH1.0=TIM5_CH1,PWM Generation1 CH1
SH.S_TIM5_CH1.ConfNb=1
SH.S_TIM5_CH2.0=TIM5_CH2,PWM Generation2 CH2
SH.S_TIM5_CH2.ConfNb=1
SH.S_TIM5_CH3.0=TIM5_CH3,PWM Generation3 CH3
SH.S_TIM5_CH3.ConfNb=1
SH.S_TIM5_CH4.0=TIM5_CH4,PWM Generation4 CH4
SH.S_TIM5_CH4.ConfNb=1
SH.S_TIM8_CH1.0=TIM8_CH1,PWM Generation1 CH1
SH.S_TIM8_CH1.ConfNb=1
SH.S_TIM8_CH2.0=TIM8_CH2,PWM Generation2 CH2
SH.S_TIM8_CH2.ConfNb=1
SPI1.BaudRatePrescaler=SPI_BAUDRATEPRESCALER_8
SPI1.CalculateBaudRate=10.5 MBits/s
SPI1.Direction=SPI_DIRECTION_2LINES
SPI1.IPParameters=VirtualType,Mode,Direction,CalculateBaudRate,BaudRatePrescaler
SPI1.Mode=SPI_MODE_MASTER
SPI1.VirtualType=VM_MASTER
TIM2.Channel-Input_Capture1_from_TI1=TIM_CHANNEL_1
TIM2.Channel-Input_Capture2_from_TI2=TIM_CHANNEL_2
TIM2.Channel-Input_Capture3_from_TI3=TIM_CHANNEL_3
TIM2.Channel-Input_Capture4_from_TI4=TIM_CHANNEL_4
TIM2.IPParameters=Channel-Input_Capture2_from_TI2,Channel-Input_Capture3_from_TI3,Channel-Input_Capture4_from_TI4,Prescaler,Period,Channel-Input_Capture1_from_TI1
TIM2.Period=40000
TIM2.Prescaler=42-1
TIM3.AutoReloadPreload=TIM_AUTORELOAD_PRELOAD_DISABLE
TIM3.Channel-PWM\ Generation1\ CH1=TIM_CHANNEL_1
TIM3.Channel-PWM\ Generation2\ CH2=TIM_CHANNEL_2
TIM3.Channel-PWM\ Generation3\ CH3=TIM_CHANNEL_3
TIM3.Channel-PWM\ Generation4\ CH4=TIM_CHANNEL_4
TIM3.IPParameters=Channel-PWM Generation1 CH1,Channel-PWM Generation2 CH2,Channel-PWM Generation3 CH3,Channel-PWM Generation4 CH4,Prescaler,Period,AutoReloadPreload
TIM3.Period=20000-1
TIM3.Prescaler=84-1
TIM5.AutoReloadPreload=TIM_AUTORELOAD_PRELOAD_ENABLE
TIM5.Channel-PWM\ Generation1\ CH1=TIM_CHANNEL_1
TIM5.Channel-PWM\ Generation2\ CH2=TIM_CHANNEL_2
TIM5.Channel-PWM\ Generation3\ CH3=TIM_CHANNEL_3
TIM5.Channel-PWM\ Generation4\ CH4=TIM_CHANNEL_4
TIM5.IPParameters=Channel-PWM Generation1 CH1,Channel-PWM Generation2 CH2,Channel-PWM Generation3 CH3,Channel-PWM Generation4 CH4,Prescaler,Period,AutoReloadPreload
TIM5.Period=1000-1
TIM5.Prescaler=84-1
TIM8.Channel-PWM\ Generation1\ CH1=TIM_CHANNEL_1
TIM8.Channel-PWM\ Generation2\ CH2=TIM_CHANNEL_2
TIM8.IPParameters=Channel-PWM Generation1 CH1,Channel-PWM Generation2 CH2,Prescaler,Period
TIM8.Period=1000-1
TIM8.Prescaler=168-1
USART1.IPParameters=VirtualMode
USART1.VirtualMode=VM_ASYNC
USART2.IPParameters=VirtualMode
USART2.VirtualMode=VM_ASYNC
USART3.IPParameters=VirtualMode
USART3.VirtualMode=VM_ASYNC
USART6.IPParameters=VirtualMode
USART6.VirtualMode=VM_ASYNC
VP_FREERTOS_VS_CMSIS_V2.Mode=CMSIS_V2
VP_FREERTOS_VS_CMSIS_V2.Signal=FREERTOS_VS_CMSIS_V2
VP_IWDG_VS_IWDG.Mode=IWDG_Activate
VP_IWDG_VS_IWDG.Signal=IWDG_VS_IWDG
VP_SYS_VS_tim10.Mode=TIM10
VP_SYS_VS_tim10.Signal=SYS_VS_tim10
VP_TIM2_VS_ClockSourceINT.Mode=Internal
VP_TIM2_VS_ClockSourceINT.Signal=TIM2_VS_ClockSourceINT
VP_TIM5_VS_ClockSourceINT.Mode=Internal
VP_TIM5_VS_ClockSourceINT.Signal=TIM5_VS_ClockSourceINT
VP_TIM8_VS_ClockSourceINT.Mode=Internal
VP_TIM8_VS_ClockSourceINT.Signal=TIM8_VS_ClockSourceINT
board=custom
